
Microsoft Visual Studio Solution File, Format Version 12.00
# Visual Studio Version 16
VisualStudioVersion = 16.0.29613.14
MinimumVisualStudioVersion = 10.0.40219.1
Project("{FAE04EC0-301F-11D3-BF4B-00C04F79EFBC}") = "Giraffe", "Giraffe\Giraffe.csproj", "{B2AB2362-9D65-43BC-BE86-D1EF72077339}"
EndProject
Global
	GlobalSection(SolutionConfigurationPlatforms) = preSolution
		Debug|Any CPU = Debug|Any CPU
		Release|Any CPU = Release|Any CPU
	EndGlobalSection
	GlobalSection(ProjectConfigurationPlatforms) = postSolution
		{B2AB2362-9D65-43BC-BE86-D1EF72077339}.Debug|Any CPU.ActiveCfg = Debug|Any CPU
		{B2AB2362-9D65-43BC-BE86-D1EF72077339}.Debug|Any CPU.Build.0 = Debug|Any CPU
		{B2AB2362-9D65-43BC-BE86-D1EF72077339}.Release|Any CPU.ActiveCfg = Release|Any CPU
		{B2AB2362-9D65-43BC-BE86-D1EF72077339}.Release|Any CPU.Build.0 = Release|Any CPU
	EndGlobalSection
	GlobalSection(SolutionProperties) = preSolution
		HideSolutionNode = FALSE
	EndGlobalSection
	GlobalSection(ExtensibilityGlobals) = postSolution
		SolutionGuid = {0486FB5D-8463-4D41-9FCB-FA1BB4A243AB}
	EndGlobalSection
EndGlobal
